
Microsoft Visual Studio Solution File, Format Version 11.00
# Visual Studio 2010
Project("{FAE04EC0-301F-11D3-BF4B-00C04F79EFBC}") = "Assembly-CSharp", "Assembly-CSharp.csproj", "{F8EFB282-346A-EAE8-7EE4-928B1DA2FAEF}"
EndProject
Project("{FAE04EC0-301F-11D3-BF4B-00C04F79EFBC}") = "LeapMotion.LeapCSharp", "LeapMotion.LeapCSharp.csproj", "{BC015DA4-A897-B35A-6051-4C6D3C0C8F4E}"
EndProject
Project("{FAE04EC0-301F-11D3-BF4B-00C04F79EFBC}") = "Assembly-CSharp-Editor", "Assembly-CSharp-Editor.csproj", "{173603AA-3AEB-8DB9-4673-283336170BB8}"
EndProject
Global
	GlobalSection(SolutionConfigurationPlatforms) = preSolution
		Debug|Any CPU = Debug|Any CPU
		Release|Any CPU = Release|Any CPU
	EndGlobalSection
	GlobalSection(ProjectConfigurationPlatforms) = postSolution
		{F8EFB282-346A-EAE8-7EE4-928B1DA2FAEF}.Debug|Any CPU.ActiveCfg = Debug|Any CPU
		{F8EFB282-346A-EAE8-7EE4-928B1DA2FAEF}.Debug|Any CPU.Build.0 = Debug|Any CPU
		{F8EFB282-346A-EAE8-7EE4-928B1DA2FAEF}.Release|Any CPU.ActiveCfg = Release|Any CPU
		{F8EFB282-346A-EAE8-7EE4-928B1DA2FAEF}.Release|Any CPU.Build.0 = Release|Any CPU
		{BC015DA4-A897-B35A-6051-4C6D3C0C8F4E}.Debug|Any CPU.ActiveCfg = Debug|Any CPU
		{BC015DA4-A897-B35A-6051-4C6D3C0C8F4E}.Debug|Any CPU.Build.0 = Debug|Any CPU
		{BC015DA4-A897-B35A-6051-4C6D3C0C8F4E}.Release|Any CPU.ActiveCfg = Release|Any CPU
		{BC015DA4-A897-B35A-6051-4C6D3C0C8F4E}.Release|Any CPU.Build.0 = Release|Any CPU
		{173603AA-3AEB-8DB9-4673-283336170BB8}.Debug|Any CPU.ActiveCfg = Debug|Any CPU
		{173603AA-3AEB-8DB9-4673-283336170BB8}.Debug|Any CPU.Build.0 = Debug|Any CPU
		{173603AA-3AEB-8DB9-4673-283336170BB8}.Release|Any CPU.ActiveCfg = Release|Any CPU
		{173603AA-3AEB-8DB9-4673-283336170BB8}.Release|Any CPU.Build.0 = Release|Any CPU
	EndGlobalSection
	GlobalSection(SolutionProperties) = preSolution
		HideSolutionNode = FALSE
	EndGlobalSection
EndGlobal
